
Microsoft Visual Studio Solution File, Format Version 12.00
# Visual Studio Version 17
VisualStudioVersion = 17.3.32825.248
MinimumVisualStudioVersion = 10.0.40219.1
Project("{FAE04EC0-301F-11D3-BF4B-00C04F79EFBC}") = "interpTest", "interp\interpTest.csproj", "{749B07D0-FCF3-45A3-A77F-9EE124A388A0}"
	ProjectSection(ProjectDependencies) = postProject
		{30036635-CFC7-49CA-B93A-0CCF76F5E765} = {30036635-CFC7-49CA-B93A-0CCF76F5E765}
	EndProjectSection
EndProject
Project("{FAE04EC0-301F-11D3-BF4B-00C04F79EFBC}") = "interpr", "interpTest\interpr.csproj", "{30036635-CFC7-49CA-B93A-0CCF76F5E765}"
EndProject
Global
	GlobalSection(SolutionConfigurationPlatforms) = preSolution
		Debug|Any CPU = Debug|Any CPU
		Release|Any CPU = Release|Any CPU
	EndGlobalSection
	GlobalSection(ProjectConfigurationPlatforms) = postSolution
		{749B07D0-FCF3-45A3-A77F-9EE124A388A0}.Debug|Any CPU.ActiveCfg = Debug|Any CPU
		{749B07D0-FCF3-45A3-A77F-9EE124A388A0}.Debug|Any CPU.Build.0 = Debug|Any CPU
		{749B07D0-FCF3-45A3-A77F-9EE124A388A0}.Release|Any CPU.ActiveCfg = Release|Any CPU
		{749B07D0-FCF3-45A3-A77F-9EE124A388A0}.Release|Any CPU.Build.0 = Release|Any CPU
		{30036635-CFC7-49CA-B93A-0CCF76F5E765}.Debug|Any CPU.ActiveCfg = Debug|Any CPU
		{30036635-CFC7-49CA-B93A-0CCF76F5E765}.Debug|Any CPU.Build.0 = Debug|Any CPU
		{30036635-CFC7-49CA-B93A-0CCF76F5E765}.Release|Any CPU.ActiveCfg = Release|Any CPU
		{30036635-CFC7-49CA-B93A-0CCF76F5E765}.Release|Any CPU.Build.0 = Release|Any CPU
	EndGlobalSection
	GlobalSection(SolutionProperties) = preSolution
		HideSolutionNode = FALSE
	EndGlobalSection
	GlobalSection(ExtensibilityGlobals) = postSolution
		SolutionGuid = {29420806-4388-46F6-87E4-359124F69DD7}
	EndGlobalSection
EndGlobal
